// !$*UTF8*$!
{
	archiveVersion = 1;
	classes = {
	};
	objectVersion = 46;
	objects = {

/* Begin PBXBuildFile section */
		3AA2DC041D5BCD0600E44DC3 /* AppDelegate.swift in Sources */ = {isa = PBXBuildFile; fileRef = 3AA2DC031D5BCD0600E44DC3 /* AppDelegate.swift */; };
		3AA2DC061D5BCD0600E44DC3 /* ViewController.swift in Sources */ = {isa = PBXBuildFile; fileRef = 3AA2DC051D5BCD0600E44DC3 /* ViewController.swift */; };
		3AA2DC091D5BCD0600E44DC3 /* Main.storyboard in Resources */ = {isa = PBXBuildFile; fileRef = 3AA2DC071D5BCD0600E44DC3 /* Main.storyboard */; };
		3AA2DC0B1D5BCD0600E44DC3 /* Assets.xcassets in Resources */ = {isa = PBXBuildFile; fileRef = 3AA2DC0A1D5BCD0600E44DC3 /* Assets.xcassets */; };
		3AA2DC0E1D5BCD0600E44DC3 /* LaunchScreen.storyboard in Resources */ = {isa = PBXBuildFile; fileRef = 3AA2DC0C1D5BCD0600E44DC3 /* LaunchScreen.storyboard */; };
		3AA2DC191D5BCD0600E44DC3 /* memeforrestTests.swift in Sources */ = {isa = PBXBuildFile; fileRef = 3AA2DC181D5BCD0600E44DC3 /* memeforrestTests.swift */; };
		3AA2DC241D5BCD0600E44DC3 /* memeforrestUITests.swift in Sources */ = {isa = PBXBuildFile; fileRef = 3AA2DC231D5BCD0600E44DC3 /* memeforrestUITests.swift */; };
/* End PBXBuildFile section */

/* Begin PBXContainerItemProxy section */
		3AA2DC151D5BCD0600E44DC3 /* PBXContainerItemProxy */ = {
			isa = PBXContainerItemProxy;
			containerPortal = 3AA2DBF81D5BCD0600E44DC3 /* Project object */;
			proxyType = 1;
			remoteGlobalIDString = 3AA2DBFF1D5BCD0600E44DC3;
			remoteInfo = memeforrest;
		};
		3AA2DC201D5BCD0600E44DC3 /* PBXContainerItemProxy */ = {
			isa = PBXContainerItemProxy;
			containerPortal = 3AA2DBF81D5BCD0600E44DC3 /* Project object */;
			proxyType = 1;
			remoteGlobalIDString = 3AA2DBFF1D5BCD0600E44DC3;
			remoteInfo = memeforrest;
		};
/* End PBXContainerItemProxy section */

/* Begin PBXFileReference section */
		3AA2DC001D5BCD0600E44DC3 /* memeforrest.app */ = {isa = PBXFileReference; explicitFileType = wrapper.application; includeInIndex = 0; path = memeforrest.app; sourceTree = BUILT_PRODUCTS_DIR; };
		3AA2DC031D5BCD0600E44DC3 /* AppDelegate.swift */ = {isa = PBXFileReference; lastKnownFileType = sourcecode.swift; path = AppDelegate.swift; sourceTree = "<group>"; };
		3AA2DC051D5BCD0600E44DC3 /* ViewController.swift */ = {isa = PBXFileReference; lastKnownFileType = sourcecode.swift; path = ViewController.swift; sourceTree = "<group>"; };
		3AA2DC081D5BCD0600E44DC3 /* Base */ = {isa = PBXFileReference; lastKnownFileType = file.storyboard; name = Base; path = Base.lproj/Main.storyboard; sourceTree = "<group>"; };
		3AA2DC0A1D5BCD0600E44DC3 /* Assets.xcassets */ = {isa = PBXFileReference; lastKnownFileType = folder.assetcatalog; path = Assets.xcassets; sourceTree = "<group>"; };
		3AA2DC0D1D5BCD0600E44DC3 /* Base */ = {isa = PBXFileReference; lastKnownFileType = file.storyboard; name = Base; path = Base.lproj/LaunchScreen.storyboard; sourceTree = "<group>"; };
		3AA2DC0F1D5BCD0600E44DC3 /* Info.plist */ = {isa = PBXFileReference; lastKnownFileType = text.plist.xml; path = Info.plist; sourceTree = "<group>"; };
		3AA2DC141D5BCD0600E44DC3 /* memeforrestTests.xctest */ = {isa = PBXFileReference; explicitFileType = wrapper.cfbundle; includeInIndex = 0; path = memeforrestTests.xctest; sourceTree = BUILT_PRODUCTS_DIR; };
		3AA2DC181D5BCD0600E44DC3 /* memeforrestTests.swift */ = {isa = PBXFileReference; lastKnownFileType = sourcecode.swift; path = memeforrestTests.swift; sourceTree = "<group>"; };
		3AA2DC1A1D5BCD0600E44DC3 /* Info.plist */ = {isa = PBXFileReference; lastKnownFileType = text.plist.xml; path = Info.plist; sourceTree = "<group>"; };
		3AA2DC1F1D5BCD0600E44DC3 /* memeforrestUITests.xctest */ = {isa = PBXFileReference; explicitFileType = wrapper.cfbundle; includeInIndex = 0; path = memeforrestUITests.xctest; sourceTree = BUILT_PRODUCTS_DIR; };
		3AA2DC231D5BCD0600E44DC3 /* memeforrestUITests.swift */ = {isa = PBXFileReference; lastKnownFileType = sourcecode.swift; path = memeforrestUITests.swift; sourceTree = "<group>"; };
		3AA2DC251D5BCD0600E44DC3 /* Info.plist */ = {isa = PBXFileReference; lastKnownFileType = text.plist.xml; path = Info.plist; sourceTree = "<group>"; };
/* End PBXFileReference section */

/* Begin PBXFrameworksBuildPhase section */
		3AA2DBFD1D5BCD0600E44DC3 /* Frameworks */ = {
			isa = PBXFrameworksBuildPhase;
			buildActionMask = 2147483647;
			files = (
			);
			runOnlyForDeploymentPostprocessing = 0;
		};
		3AA2DC111D5BCD0600E44DC3 /* Frameworks */ = {
			isa = PBXFrameworksBuildPhase;
			buildActionMask = 2147483647;
			files = (
			);
			runOnlyForDeploymentPostprocessing = 0;
		};
		3AA2DC1C1D5BCD0600E44DC3 /* Frameworks */ = {
			isa = PBXFrameworksBuildPhase;
			buildActionMask = 2147483647;
			files = (
			);
			runOnlyForDeploymentPostprocessing = 0;
		};
/* End PBXFrameworksBuildPhase section */

/* Begin PBXGroup section */
		3AA2DBF71D5BCD0600E44DC3 = {
			isa = PBXGroup;
			children = (
				3AA2DC021D5BCD0600E44DC3 /* memeforrest */,
				3AA2DC171D5BCD0600E44DC3 /* memeforrestTests */,
				3AA2DC221D5BCD0600E44DC3 /* memeforrestUITests */,
				3AA2DC011D5BCD0600E44DC3 /* Products */,
			);
			sourceTree = "<group>";
		};
		3AA2DC011D5BCD0600E44DC3 /* Products */ = {
			isa = PBXGroup;
			children = (
				3AA2DC001D5BCD0600E44DC3 /* memeforrest.app */,
				3AA2DC141D5BCD0600E44DC3 /* memeforrestTests.xctest */,
				3AA2DC1F1D5BCD0600E44DC3 /* memeforrestUITests.xctest */,
			);
			name = Products;
			sourceTree = "<group>";
		};
		3AA2DC021D5BCD0600E44DC3 /* memeforrest */ = {
			isa = PBXGroup;
			children = (
				3AA2DC031D5BCD0600E44DC3 /* AppDelegate.swift */,
				3AA2DC051D5BCD0600E44DC3 /* ViewController.swift */,
				3AA2DC071D5BCD0600E44DC3 /* Main.storyboard */,
				3AA2DC0A1D5BCD0600E44DC3 /* Assets.xcassets */,
				3AA2DC0C1D5BCD0600E44DC3 /* LaunchScreen.storyboard */,
				3AA2DC0F1D5BCD0600E44DC3 /* Info.plist */,
			);
			path = memeforrest;
			sourceTree = "<group>";
		};
		3AA2DC171D5BCD0600E44DC3 /* memeforrestTests */ = {
			isa = PBXGroup;
			children = (
				3AA2DC181D5BCD0600E44DC3 /* memeforrestTests.swift */,
				3AA2DC1A1D5BCD0600E44DC3 /* Info.plist */,
			);
			path = memeforrestTests;
			sourceTree = "<group>";
		};
		3AA2DC221D5BCD0600E44DC3 /* memeforrestUITests */ = {
			isa = PBXGroup;
			children = (
				3AA2DC231D5BCD0600E44DC3 /* memeforrestUITests.swift */,
				3AA2DC251D5BCD0600E44DC3 /* Info.plist */,
			);
			path = memeforrestUITests;
			sourceTree = "<group>";
		};
/* End PBXGroup section */

/* Begin PBXNativeTarget section */
		3AA2DBFF1D5BCD0600E44DC3 /* memeforrest */ = {
			isa = PBXNativeTarget;
			buildConfigurationList = 3AA2DC281D5BCD0600E44DC3 /* Build configuration list for PBXNativeTarget "memeforrest" */;
			buildPhases = (
				3AA2DBFC1D5BCD0600E44DC3 /* Sources */,
				3AA2DBFD1D5BCD0600E44DC3 /* Frameworks */,
				3AA2DBFE1D5BCD0600E44DC3 /* Resources */,
			);
			buildRules = (
			);
			dependencies = (
			);
			name = memeforrest;
			productName = memeforrest;
			productReference = 3AA2DC001D5BCD0600E44DC3 /* memeforrest.app */;
			productType = "com.apple.product-type.application";
		};
		3AA2DC131D5BCD0600E44DC3 /* memeforrestTests */ = {
			isa = PBXNativeTarget;
			buildConfigurationList = 3AA2DC2B1D5BCD0600E44DC3 /* Build configuration list for PBXNativeTarget "memeforrestTests" */;
			buildPhases = (
				3AA2DC101D5BCD0600E44DC3 /* Sources */,
				3AA2DC111D5BCD0600E44DC3 /* Frameworks */,
				3AA2DC121D5BCD0600E44DC3 /* Resources */,
			);
			buildRules = (
			);
			dependencies = (
				3AA2DC161D5BCD0600E44DC3 /* PBXTargetDependency */,
			);
			name = memeforrestTests;
			productName = memeforrestTests;
			productReference = 3AA2DC141D5BCD0600E44DC3 /* memeforrestTests.xctest */;
			productType = "com.apple.product-type.bundle.unit-test";
		};
		3AA2DC1E1D5BCD0600E44DC3 /* memeforrestUITests */ = {
			isa = PBXNativeTarget;
			buildConfigurationList = 3AA2DC2E1D5BCD0600E44DC3 /* Build configuration list for PBXNativeTarget "memeforrestUITests" */;
			buildPhases = (
				3AA2DC1B1D5BCD0600E44DC3 /* Sources */,
				3AA2DC1C1D5BCD0600E44DC3 /* Frameworks */,
				3AA2DC1D1D5BCD0600E44DC3 /* Resources */,
			);
			buildRules = (
			);
			dependencies = (
				3AA2DC211D5BCD0600E44DC3 /* PBXTargetDependency */,
			);
			name = memeforrestUITests;
			productName = memeforrestUITests;
			productReference = 3AA2DC1F1D5BCD0600E44DC3 /* memeforrestUITests.xctest */;
			productType = "com.apple.product-type.bundle.ui-testing";
		};
/* End PBXNativeTarget section */

/* Begin PBXProject section */
		3AA2DBF81D5BCD0600E44DC3 /* Project object */ = {
			isa = PBXProject;
			attributes = {
				LastSwiftUpdateCheck = 0730;
				LastUpgradeCheck = 0730;
				ORGANIZATIONNAME = "Urban Forrest";
				TargetAttributes = {
					3AA2DBFF1D5BCD0600E44DC3 = {
						CreatedOnToolsVersion = 7.3.1;
					};
					3AA2DC131D5BCD0600E44DC3 = {
						CreatedOnToolsVersion = 7.3.1;
						TestTargetID = 3AA2DBFF1D5BCD0600E44DC3;
					};
					3AA2DC1E1D5BCD0600E44DC3 = {
						CreatedOnToolsVersion = 7.3.1;
						TestTargetID = 3AA2DBFF1D5BCD0600E44DC3;
					};
				};
			};
			buildConfigurationList = 3AA2DBFB1D5BCD0600E44DC3 /* Build configuration list for PBXProject "memeforrest" */;
			compatibilityVersion = "Xcode 3.2";
			developmentRegion = English;
			hasScannedForEncodings = 0;
			knownRegions = (
				en,
				Base,
			);
			mainGroup = 3AA2DBF71D5BCD0600E44DC3;
			productRefGroup = 3AA2DC011D5BCD0600E44DC3 /* Products */;
			projectDirPath = "";
			projectRoot = "";
			targets = (
				3AA2DBFF1D5BCD0600E44DC3 /* memeforrest */,
				3AA2DC131D5BCD0600E44DC3 /* memeforrestTests */,
				3AA2DC1E1D5BCD0600E44DC3 /* memeforrestUITests */,
			);
		};
/* End PBXProject section */

/* Begin PBXResourcesBuildPhase section */
		3AA2DBFE1D5BCD0600E44DC3 /* Resources */ = {
			isa = PBXResourcesBuildPhase;
			buildActionMask = 2147483647;
			files = (
				3AA2DC0E1D5BCD0600E44DC3 /* LaunchScreen.storyboard in Resources */,
				3AA2DC0B1D5BCD0600E44DC3 /* Assets.xcassets in Resources */,
				3AA2DC091D5BCD0600E44DC3 /* Main.storyboard in Resources */,
			);
			runOnlyForDeploymentPostprocessing = 0;
		};
		3AA2DC121D5BCD0600E44DC3 /* Resources */ = {
			isa = PBXResourcesBuildPhase;
			buildActionMask = 2147483647;
			files = (
			);
			runOnlyForDeploymentPostprocessing = 0;
		};
		3AA2DC1D1D5BCD0600E44DC3 /* Resources */ = {
			isa = PBXResourcesBuildPhase;
			buildActionMask = 2147483647;
			files = (
			);
			runOnlyForDeploymentPostprocessing = 0;
		};
/* End PBXResourcesBuildPhase section */

/* Begin PBXSourcesBuildPhase section */
		3AA2DBFC1D5BCD0600E44DC3 /* Sources */ = {
			isa = PBXSourcesBuildPhase;
			buildActionMask = 2147483647;
			files = (
				3AA2DC061D5BCD0600E44DC3 /* ViewController.swift in Sources */,
				3AA2DC041D5BCD0600E44DC3 /* AppDelegate.swift in Sources */,
			);
			runOnlyForDeploymentPostprocessing = 0;
		};
		3AA2DC101D5BCD0600E44DC3 /* Sources */ = {
			isa = PBXSourcesBuildPhase;
			buildActionMask = 2147483647;
			files = (
				3AA2DC191D5BCD0600E44DC3 /* memeforrestTests.swift in Sources */,
			);
			runOnlyForDeploymentPostprocessing = 0;
		};
		3AA2DC1B1D5BCD0600E44DC3 /* Sources */ = {
			isa = PBXSourcesBuildPhase;
			buildActionMask = 2147483647;
			files = (
				3AA2DC241D5BCD0600E44DC3 /* memeforrestUITests.swift in Sources */,
			);
			runOnlyForDeploymentPostprocessing = 0;
		};
/* End PBXSourcesBuildPhase section */

/* Begin PBXTargetDependency section */
		3AA2DC161D5BCD0600E44DC3 /* PBXTargetDependency */ = {
			isa = PBXTargetDependency;
			target = 3AA2DBFF1D5BCD0600E44DC3 /* memeforrest */;
			targetProxy = 3AA2DC151D5BCD0600E44DC3 /* PBXContainerItemProxy */;
		};
		3AA2DC211D5BCD0600E44DC3 /* PBXTargetDependency */ = {
			isa = PBXTargetDependency;
			target = 3AA2DBFF1D5BCD0600E44DC3 /* memeforrest */;
			targetProxy = 3AA2DC201D5BCD0600E44DC3 /* PBXContainerItemProxy */;
		};
/* End PBXTargetDependency section */

/* Begin PBXVariantGroup section */
		3AA2DC071D5BCD0600E44DC3 /* Main.storyboard */ = {
			isa = PBXVariantGroup;
			children = (
				3AA2DC081D5BCD0600E44DC3 /* Base */,
			);
			name = Main.storyboard;
			sourceTree = "<group>";
		};
		3AA2DC0C1D5BCD0600E44DC3 /* LaunchScreen.storyboard */ = {
			isa = PBXVariantGroup;
			children = (
				3AA2DC0D1D5BCD0600E44DC3 /* Base */,
			);
			name = LaunchScreen.storyboard;
			sourceTree = "<group>";
		};
/* End PBXVariantGroup section */

/* Begin XCBuildConfiguration section */
		3AA2DC261D5BCD0600E44DC3 /* Debug */ = {
			isa = XCBuildConfiguration;
			buildSettings = {
				ALWAYS_SEARCH_USER_PATHS = NO;
				CLANG_ANALYZER_NONNULL = YES;
				CLANG_CXX_LANGUAGE_STANDARD = "gnu++0x";
				CLANG_CXX_LIBRARY = "libc++";
				CLANG_ENABLE_MODULES = YES;
				CLANG_ENABLE_OBJC_ARC = YES;
				CLANG_WARN_BOOL_CONVERSION = YES;
				CLANG_WARN_CONSTANT_CONVERSION = YES;
				CLANG_WARN_DIRECT_OBJC_ISA_USAGE = YES_ERROR;
				CLANG_WARN_EMPTY_BODY = YES;
				CLANG_WARN_ENUM_CONVERSION = YES;
				CLANG_WARN_INT_CONVERSION = YES;
				CLANG_WARN_OBJC_ROOT_CLASS = YES_ERROR;
				CLANG_WARN_UNREACHABLE_CODE = YES;
				CLANG_WARN__DUPLICATE_METHOD_MATCH = YES;
				"CODE_SIGN_IDENTITY[sdk=iphoneos*]" = "iPhone Developer";
				COPY_PHASE_STRIP = NO;
				DEBUG_INFORMATION_FORMAT = dwarf;
				ENABLE_STRICT_OBJC_MSGSEND = YES;
				ENABLE_TESTABILITY = YES;
				GCC_C_LANGUAGE_STANDARD = gnu99;
				GCC_DYNAMIC_NO_PIC = NO;
				GCC_NO_COMMON_BLOCKS = YES;
				GCC_OPTIMIZATION_LEVEL = 0;
				GCC_PREPROCESSOR_DEFINITIONS = (
					"DEBUG=1",
					"$(inherited)",
				);
				GCC_WARN_64_TO_32_BIT_CONVERSION = YES;
				GCC_WARN_ABOUT_RETURN_TYPE = YES_ERROR;
				GCC_WARN_UNDECLARED_SELECTOR = YES;
				GCC_WARN_UNINITIALIZED_AUTOS = YES_AGGRESSIVE;
				GCC_WARN_UNUSED_FUNCTION = YES;
				GCC_WARN_UNUSED_VARIABLE = YES;
				IPHONEOS_DEPLOYMENT_TARGET = 9.3;
				MTL_ENABLE_DEBUG_INFO = YES;
				ONLY_ACTIVE_ARCH = YES;
				SDKROOT = iphoneos;
				SWIFT_OPTIMIZATION_LEVEL = "-Onone";
				TARGETED_DEVICE_FAMILY = "1,2";
			};
			name = Debug;
		};
		3AA2DC271D5BCD0600E44DC3 /* Release */ = {
			isa = XCBuildConfiguration;
			buildSettings = {
				ALWAYS_SEARCH_USER_PATHS = NO;
				CLANG_ANALYZER_NONNULL = YES;
				CLANG_CXX_LANGUAGE_STANDARD = "gnu++0x";
				CLANG_CXX_LIBRARY = "libc++";
				CLANG_ENABLE_MODULES = YES;
				CLANG_ENABLE_OBJC_ARC = YES;
				CLANG_WARN_BOOL_CONVERSION = YES;
				CLANG_WARN_CONSTANT_CONVERSION = YES;
				CLANG_WARN_DIRECT_OBJC_ISA_USAGE = YES_ERROR;
				CLANG_WARN_EMPTY_BODY = YES;
				CLANG_WARN_ENUM_CONVERSION = YES;
				CLANG_WARN_INT_CONVERSION = YES;
				CLANG_WARN_OBJC_ROOT_CLASS = YES_ERROR;
				CLANG_WARN_UNREACHABLE_CODE = YES;
				CLANG_WARN__DUPLICATE_METHOD_MATCH = YES;
				"CODE_SIGN_IDENTITY[sdk=iphoneos*]" = "iPhone Developer";
				COPY_PHASE_STRIP = NO;
				DEBUG_INFORMATION_FORMAT = "dwarf-with-dsym";
				ENABLE_NS_ASSERTIONS = NO;
				ENABLE_STRICT_OBJC_MSGSEND = YES;
				GCC_C_LANGUAGE_STANDARD = gnu99;
				GCC_NO_COMMON_BLOCKS = YES;
				GCC_WARN_64_TO_32_BIT_CONVERSION = YES;
				GCC_WARN_ABOUT_RETURN_TYPE = YES_ERROR;
				GCC_WARN_UNDECLARED_SELECTOR = YES;
				GCC_WARN_UNINITIALIZED_AUTOS = YES_AGGRESSIVE;
				GCC_WARN_UNUSED_FUNCTION = YES;
				GCC_WARN_UNUSED_VARIABLE = YES;
				IPHONEOS_DEPLOYMENT_TARGET = 9.3;
				MTL_ENABLE_DEBUG_INFO = NO;
				SDKROOT = iphoneos;
				TARGETED_DEVICE_FAMILY = "1,2";
				VALIDATE_PRODUCT = YES;
			};
			name = Release;
		};
		3AA2DC291D5BCD0600E44DC3 /* Debug */ = {
			isa = XCBuildConfiguration;
			buildSettings = {
				ASSETCATALOG_COMPILER_APPICON_NAME = AppIcon;
				INFOPLIST_FILE = memeforrest/Info.plist;
				LD_RUNPATH_SEARCH_PATHS = "$(inherited) @executable_path/Frameworks";
				PRODUCT_BUNDLE_IDENTIFIER = uf.memeforrest;
				PRODUCT_NAME = "$(TARGET_NAME)";
			};
			name = Debug;
		};
		3AA2DC2A1D5BCD0600E44DC3 /* Release */ = {
			isa = XCBuildConfiguration;
			buildSettings = {
				ASSETCATALOG_COMPILER_APPICON_NAME = AppIcon;
				INFOPLIST_FILE = memeforrest/Info.plist;
				LD_RUNPATH_SEARCH_PATHS = "$(inherited) @executable_path/Frameworks";
				PRODUCT_BUNDLE_IDENTIFIER = uf.memeforrest;
				PRODUCT_NAME = "$(TARGET_NAME)";
			};
			name = Release;
		};
		3AA2DC2C1D5BCD0600E44DC3 /* Debug */ = {
			isa = XCBuildConfiguration;
			buildSettings = {
				BUNDLE_LOADER = "$(TEST_HOST)";
				INFOPLIST_FILE = memeforrestTests/Info.plist;
				LD_RUNPATH_SEARCH_PATHS = "$(inherited) @executable_path/Frameworks @loader_path/Frameworks";
				PRODUCT_BUNDLE_IDENTIFIER = uf.memeforrestTests;
				PRODUCT_NAME = "$(TARGET_NAME)";
				TEST_HOST = "$(BUILT_PRODUCTS_DIR)/memeforrest.app/memeforrest";
			};
			name = Debug;
		};
		3AA2DC2D1D5BCD0600E44DC3 /* Release */ = {
			isa = XCBuildConfiguration;
			buildSettings = {
				BUNDLE_LOADER = "$(TEST_HOST)";
				INFOPLIST_FILE = memeforrestTests/Info.plist;
				LD_RUNPATH_SEARCH_PATHS = "$(inherited) @executable_path/Frameworks @loader_path/Frameworks";
				PRODUCT_BUNDLE_IDENTIFIER = uf.memeforrestTests;
				PRODUCT_NAME = "$(TARGET_NAME)";
				TEST_HOST = "$(BUILT_PRODUCTS_DIR)/memeforrest.app/memeforrest";
			};
			name = Release;
		};
		3AA2DC2F1D5BCD0600E44DC3 /* Debug */ = {
			isa = XCBuildConfiguration;
			buildSettings = {
				INFOPLIST_FILE = memeforrestUITests/Info.plist;
				LD_RUNPATH_SEARCH_PATHS = "$(inherited) @executable_path/Frameworks @loader_path/Frameworks";
				PRODUCT_BUNDLE_IDENTIFIER = uf.memeforrestUITests;
				PRODUCT_NAME = "$(TARGET_NAME)";
				TEST_TARGET_NAME = memeforrest;
			};
			name = Debug;
		};
		3AA2DC301D5BCD0600E44DC3 /* Release */ = {
			isa = XCBuildConfiguration;
			buildSettings = {
				INFOPLIST_FILE = memeforrestUITests/Info.plist;
				LD_RUNPATH_SEARCH_PATHS = "$(inherited) @executable_path/Frameworks @loader_path/Frameworks";
				PRODUCT_BUNDLE_IDENTIFIER = uf.memeforrestUITests;
				PRODUCT_NAME = "$(TARGET_NAME)";
				TEST_TARGET_NAME = memeforrest;
			};
			name = Release;
		};
/* End XCBuildConfiguration section */

/* Begin XCConfigurationList section */
		3AA2DBFB1D5BCD0600E44DC3 /* Build configuration list for PBXProject "memeforrest" */ = {
			isa = XCConfigurationList;
			buildConfigurations = (
				3AA2DC261D5BCD0600E44DC3 /* Debug */,
				3AA2DC271D5BCD0600E44DC3 /* Release */,
			);
			defaultConfigurationIsVisible = 0;
			defaultConfigurationName = Release;
		};
		3AA2DC281D5BCD0600E44DC3 /* Build configuration list for PBXNativeTarget "memeforrest" */ = {
			isa = XCConfigurationList;
			buildConfigurations = (
				3AA2DC291D5BCD0600E44DC3 /* Debug */,
				3AA2DC2A1D5BCD0600E44DC3 /* Release */,
			);
			defaultConfigurationIsVisible = 0;
		};
		3AA2DC2B1D5BCD0600E44DC3 /* Build configuration list for PBXNativeTarget "memeforrestTests" */ = {
			isa = XCConfigurationList;
			buildConfigurations = (
				3AA2DC2C1D5BCD0600E44DC3 /* Debug */,
				3AA2DC2D1D5BCD0600E44DC3 /* Release */,
			);
			defaultConfigurationIsVisible = 0;
		};
		3AA2DC2E1D5BCD0600E44DC3 /* Build configuration list for PBXNativeTarget "memeforrestUITests" */ = {
			isa = XCConfigurationList;
			buildConfigurations = (
				3AA2DC2F1D5BCD0600E44DC3 /* Debug */,
				3AA2DC301D5BCD0600E44DC3 /* Release */,
			);
			defaultConfigurationIsVisible = 0;
		};
/* End XCConfigurationList section */
	};
	rootObject = 3AA2DBF81D5BCD0600E44DC3 /* Project object */;
}
